
Microsoft Visual Studio Solution File, Format Version 12.00
# Visual Studio Version 16
VisualStudioVersion = 16.0.30503.244
MinimumVisualStudioVersion = 10.0.40219.1
Project("{FAE04EC0-301F-11D3-BF4B-00C04F79EFBC}") = "MyMoney", "MyMoney\MyMoney.csproj", "{24646D34-FE42-4C0A-999D-121166DC315A}"
EndProject
Global
	GlobalSection(SolutionConfigurationPlatforms) = preSolution
		Debug|Any CPU = Debug|Any CPU
		Release|Any CPU = Release|Any CPU
	EndGlobalSection
	GlobalSection(ProjectConfigurationPlatforms) = postSolution
		{24646D34-FE42-4C0A-999D-121166DC315A}.Debug|Any CPU.ActiveCfg = Debug|Any CPU
		{24646D34-FE42-4C0A-999D-121166DC315A}.Debug|Any CPU.Build.0 = Debug|Any CPU
		{24646D34-FE42-4C0A-999D-121166DC315A}.Release|Any CPU.ActiveCfg = Release|Any CPU
		{24646D34-FE42-4C0A-999D-121166DC315A}.Release|Any CPU.Build.0 = Release|Any CPU
	EndGlobalSection
	GlobalSection(SolutionProperties) = preSolution
		HideSolutionNode = FALSE
	EndGlobalSection
	GlobalSection(ExtensibilityGlobals) = postSolution
		SolutionGuid = {15D03672-70AE-4AF9-8AAD-315955F12AA0}
	EndGlobalSection
EndGlobal
